{
  "name": "chess",
  "version": "1.0.0",
  "lockfileVersion": 2,
  "requires": true,
  "packages": {
    "": {
      "version": "1.0.0",
      "license": "Apache-2.0",
      "dependencies": {
        "stockfish-nnue.wasm": "^0.0.1",
        "stockfish.wasm": "^0.9.1"
      }
    },
    "node_modules/stockfish-nnue.wasm": {
      "version": "0.0.1",
      "resolved": "https://registry.npmjs.org/stockfish-nnue.wasm/-/stockfish-nnue.wasm-0.0.1.tgz",
      "integrity": "sha512-ePulPKbGimjJEtTUYECh4986JnZv1rYVDsSlBOXu+1tvjWKjJSzoHhKpmtdGDG59iVtIBRamix593rfYqMqK2Q=="
    },
    "node_modules/stockfish.wasm": {
      "version": "0.9.1",
      "resolved": "https://registry.npmjs.org/stockfish.wasm/-/stockfish.wasm-0.9.1.tgz",
      "integrity": "sha512-y5NZG8Onoswda+K4+Xi4gIbURHnYXgz+LPUaMvaqpMui2lDpXxB+dwW3CYqHyp9/RqeMe3EDmGXbt7ZrXGZ3Jw=="
    }
  },
  "dependencies": {
    "stockfish-nnue.wasm": {
      "version": "0.0.1",
      "resolved": "https://registry.npmjs.org/stockfish-nnue.wasm/-/stockfish-nnue.wasm-0.0.1.tgz",
      "integrity": "sha512-ePulPKbGimjJEtTUYECh4986JnZv1rYVDsSlBOXu+1tvjWKjJSzoHhKpmtdGDG59iVtIBRamix593rfYqMqK2Q=="
    },
    "stockfish.wasm": {
      "version": "0.9.1",
      "resolved": "https://registry.npmjs.org/stockfish.wasm/-/stockfish.wasm-0.9.1.tgz",
      "integrity": "sha512-y5NZG8Onoswda+K4+Xi4gIbURHnYXgz+LPUaMvaqpMui2lDpXxB+dwW3CYqHyp9/RqeMe3EDmGXbt7ZrXGZ3Jw=="
    }
  }
}
